// !$*UTF8*$!
{
	archiveVersion = 1;
	classes = {
	};
	objectVersion = 46;
	objects = {

/* Begin PBXBuildFile section */
		EA1C195B1F605A5300825117 /* MapKit.framework in Frameworks */ = {isa = PBXBuildFile; fileRef = EA1C195A1F605A5300825117 /* MapKit.framework */; };
		EA1C195E1F605B3900825117 /* MainController.xib in Resources */ = {isa = PBXBuildFile; fileRef = EA1C195D1F605B3900825117 /* MainController.xib */; };
		EA1C19601F605B4400825117 /* MainController.swift in Sources */ = {isa = PBXBuildFile; fileRef = EA1C195F1F605B4400825117 /* MainController.swift */; };
		EA1C19671F605DCC00825117 /* MainViewCell.swift in Sources */ = {isa = PBXBuildFile; fileRef = EA1C19651F605DCC00825117 /* MainViewCell.swift */; };
		EA1C19681F605DCC00825117 /* MainViewCell.xib in Resources */ = {isa = PBXBuildFile; fileRef = EA1C19661F605DCC00825117 /* MainViewCell.xib */; };
		EA1C196D1F60608C00825117 /* UIFont+Helper.swift in Sources */ = {isa = PBXBuildFile; fileRef = EA1C196C1F60608C00825117 /* UIFont+Helper.swift */; };
		EA1C196F1F60618200825117 /* UIColor+Helper.swift in Sources */ = {isa = PBXBuildFile; fileRef = EA1C196E1F60618200825117 /* UIColor+Helper.swift */; };
		EA369CBD1F6120BD007492DA /* Parser.swift in Sources */ = {isa = PBXBuildFile; fileRef = EA369CBC1F6120BD007492DA /* Parser.swift */; };
		EA3838071F627EEC00056C2C /* App.xcassets in Resources */ = {isa = PBXBuildFile; fileRef = EA3838061F627EEC00056C2C /* App.xcassets */; };
		EA3838091F62800000056C2C /* Launch Screen.storyboard in Resources */ = {isa = PBXBuildFile; fileRef = EA3838081F62800000056C2C /* Launch Screen.storyboard */; };
		EA3B140E1F616F1600194876 /* NetworkEntities.swift in Sources */ = {isa = PBXBuildFile; fileRef = EA3B140D1F616F1600194876 /* NetworkEntities.swift */; };
		EA3B14101F6186BA00194876 /* OrganizationModelConverter.swift in Sources */ = {isa = PBXBuildFile; fileRef = EA3B140F1F6186BA00194876 /* OrganizationModelConverter.swift */; };
		EA3B14121F61905A00194876 /* Bundle+Helper.swift in Sources */ = {isa = PBXBuildFile; fileRef = EA3B14111F61905A00194876 /* Bundle+Helper.swift */; };
		EA3D17191F616DD1009EFEE2 /* DataManager.swift in Sources */ = {isa = PBXBuildFile; fileRef = EA3D17181F616DD1009EFEE2 /* DataManager.swift */; };
		EA475F221F61493D00514A14 /* NSError+Helper.swift in Sources */ = {isa = PBXBuildFile; fileRef = EA475F211F61493D00514A14 /* NSError+Helper.swift */; };
		EA6A4A1D1F5F24A500CFC322 /* AppDelegate.swift in Sources */ = {isa = PBXBuildFile; fileRef = EA6A4A1C1F5F24A500CFC322 /* AppDelegate.swift */; };
		EA6A4A2F1F5F26CA00CFC322 /* NetworkClient.swift in Sources */ = {isa = PBXBuildFile; fileRef = EA6A4A2E1F5F26CA00CFC322 /* NetworkClient.swift */; };
		EA6A4A321F5F29B600CFC322 /* Entities.swift in Sources */ = {isa = PBXBuildFile; fileRef = EA6A4A311F5F29B600CFC322 /* Entities.swift */; };
		EAAB9ADD1F61DEE800B40FA6 /* MainViewModel.swift in Sources */ = {isa = PBXBuildFile; fileRef = EAAB9ADC1F61DEE800B40FA6 /* MainViewModel.swift */; };
		EAEF92021F61E3DA00F8BC9E /* BaseViewController.swift in Sources */ = {isa = PBXBuildFile; fileRef = EAEF92001F61E3DA00F8BC9E /* BaseViewController.swift */; };
		EAEF92031F61E3DA00F8BC9E /* BaseViewModel.swift in Sources */ = {isa = PBXBuildFile; fileRef = EAEF92011F61E3DA00F8BC9E /* BaseViewModel.swift */; };
		EAEF92051F61E45900F8BC9E /* ViewModel.swift in Sources */ = {isa = PBXBuildFile; fileRef = EAEF92041F61E45900F8BC9E /* ViewModel.swift */; };
		EAEF92081F61E65600F8BC9E /* ScreensFactory.swift in Sources */ = {isa = PBXBuildFile; fileRef = EAEF92071F61E65600F8BC9E /* ScreensFactory.swift */; };
/* End PBXBuildFile section */

/* Begin PBXFileReference section */
		EA1C195A1F605A5300825117 /* MapKit.framework */ = {isa = PBXFileReference; lastKnownFileType = wrapper.framework; name = MapKit.framework; path = System/Library/Frameworks/MapKit.framework; sourceTree = SDKROOT; };
		EA1C195D1F605B3900825117 /* MainController.xib */ = {isa = PBXFileReference; fileEncoding = 4; lastKnownFileType = file.xib; path = MainController.xib; sourceTree = "<group>"; };
		EA1C195F1F605B4400825117 /* MainController.swift */ = {isa = PBXFileReference; fileEncoding = 4; lastKnownFileType = sourcecode.swift; path = MainController.swift; sourceTree = "<group>"; };
		EA1C19651F605DCC00825117 /* MainViewCell.swift */ = {isa = PBXFileReference; fileEncoding = 4; lastKnownFileType = sourcecode.swift; path = MainViewCell.swift; sourceTree = "<group>"; };
		EA1C19661F605DCC00825117 /* MainViewCell.xib */ = {isa = PBXFileReference; fileEncoding = 4; lastKnownFileType = file.xib; path = MainViewCell.xib; sourceTree = "<group>"; };
		EA1C196C1F60608C00825117 /* UIFont+Helper.swift */ = {isa = PBXFileReference; fileEncoding = 4; lastKnownFileType = sourcecode.swift; path = "UIFont+Helper.swift"; sourceTree = "<group>"; };
		EA1C196E1F60618200825117 /* UIColor+Helper.swift */ = {isa = PBXFileReference; fileEncoding = 4; lastKnownFileType = sourcecode.swift; path = "UIColor+Helper.swift"; sourceTree = "<group>"; };
		EA369CBC1F6120BD007492DA /* Parser.swift */ = {isa = PBXFileReference; fileEncoding = 4; lastKnownFileType = sourcecode.swift; path = Parser.swift; sourceTree = "<group>"; };
		EA3838061F627EEC00056C2C /* App.xcassets */ = {isa = PBXFileReference; lastKnownFileType = folder.assetcatalog; path = App.xcassets; sourceTree = "<group>"; };
		EA3838081F62800000056C2C /* Launch Screen.storyboard */ = {isa = PBXFileReference; fileEncoding = 4; lastKnownFileType = file.storyboard; path = "Launch Screen.storyboard"; sourceTree = "<group>"; };
		EA3B140D1F616F1600194876 /* NetworkEntities.swift */ = {isa = PBXFileReference; fileEncoding = 4; lastKnownFileType = sourcecode.swift; path = NetworkEntities.swift; sourceTree = "<group>"; };
		EA3B140F1F6186BA00194876 /* OrganizationModelConverter.swift */ = {isa = PBXFileReference; fileEncoding = 4; lastKnownFileType = sourcecode.swift; path = OrganizationModelConverter.swift; sourceTree = "<group>"; };
		EA3B14111F61905A00194876 /* Bundle+Helper.swift */ = {isa = PBXFileReference; fileEncoding = 4; lastKnownFileType = sourcecode.swift; path = "Bundle+Helper.swift"; sourceTree = "<group>"; };
		EA3D17181F616DD1009EFEE2 /* DataManager.swift */ = {isa = PBXFileReference; fileEncoding = 4; lastKnownFileType = sourcecode.swift; path = DataManager.swift; sourceTree = "<group>"; };
		EA475F211F61493D00514A14 /* NSError+Helper.swift */ = {isa = PBXFileReference; fileEncoding = 4; lastKnownFileType = sourcecode.swift; path = "NSError+Helper.swift"; sourceTree = "<group>"; };
		EA6A4A191F5F24A500CFC322 /* SberTech_test.app */ = {isa = PBXFileReference; explicitFileType = wrapper.application; includeInIndex = 0; path = SberTech_test.app; sourceTree = BUILT_PRODUCTS_DIR; };
		EA6A4A1C1F5F24A500CFC322 /* AppDelegate.swift */ = {isa = PBXFileReference; lastKnownFileType = sourcecode.swift; path = AppDelegate.swift; sourceTree = "<group>"; };
		EA6A4A281F5F24A500CFC322 /* Info.plist */ = {isa = PBXFileReference; lastKnownFileType = text.plist.xml; path = Info.plist; sourceTree = "<group>"; };
		EA6A4A2E1F5F26CA00CFC322 /* NetworkClient.swift */ = {isa = PBXFileReference; fileEncoding = 4; lastKnownFileType = sourcecode.swift; path = NetworkClient.swift; sourceTree = "<group>"; };
		EA6A4A311F5F29B600CFC322 /* Entities.swift */ = {isa = PBXFileReference; fileEncoding = 4; lastKnownFileType = sourcecode.swift; path = Entities.swift; sourceTree = "<group>"; };
		EAAB9ADC1F61DEE800B40FA6 /* MainViewModel.swift */ = {isa = PBXFileReference; fileEncoding = 4; lastKnownFileType = sourcecode.swift; path = MainViewModel.swift; sourceTree = "<group>"; };
		EAEF92001F61E3DA00F8BC9E /* BaseViewController.swift */ = {isa = PBXFileReference; fileEncoding = 4; lastKnownFileType = sourcecode.swift; path = BaseViewController.swift; sourceTree = "<group>"; };
		EAEF92011F61E3DA00F8BC9E /* BaseViewModel.swift */ = {isa = PBXFileReference; fileEncoding = 4; lastKnownFileType = sourcecode.swift; path = BaseViewModel.swift; sourceTree = "<group>"; };
		EAEF92041F61E45900F8BC9E /* ViewModel.swift */ = {isa = PBXFileReference; fileEncoding = 4; lastKnownFileType = sourcecode.swift; path = ViewModel.swift; sourceTree = "<group>"; };
		EAEF92071F61E65600F8BC9E /* ScreensFactory.swift */ = {isa = PBXFileReference; fileEncoding = 4; lastKnownFileType = sourcecode.swift; path = ScreensFactory.swift; sourceTree = "<group>"; };
/* End PBXFileReference section */

/* Begin PBXFrameworksBuildPhase section */
		EA6A4A161F5F24A500CFC322 /* Frameworks */ = {
			isa = PBXFrameworksBuildPhase;
			buildActionMask = 2147483647;
			files = (
				EA1C195B1F605A5300825117 /* MapKit.framework in Frameworks */,
			);
			runOnlyForDeploymentPostprocessing = 0;
		};
/* End PBXFrameworksBuildPhase section */

/* Begin PBXGroup section */
		EA1C19591F605A5300825117 /* Frameworks */ = {
			isa = PBXGroup;
			children = (
				EA1C195A1F605A5300825117 /* MapKit.framework */,
			);
			name = Frameworks;
			sourceTree = "<group>";
		};
		EA1C195C1F605B0900825117 /* UI */ = {
			isa = PBXGroup;
			children = (
				EA3838081F62800000056C2C /* Launch Screen.storyboard */,
				EA1C195F1F605B4400825117 /* MainController.swift */,
				EA1C195D1F605B3900825117 /* MainController.xib */,
				EAAB9ADC1F61DEE800B40FA6 /* MainViewModel.swift */,
				EA369CB91F608095007492DA /* Views */,
			);
			name = UI;
			sourceTree = "<group>";
		};
		EA1C19691F60602800825117 /* Helpers */ = {
			isa = PBXGroup;
			children = (
				EA3B14111F61905A00194876 /* Bundle+Helper.swift */,
				EA475F211F61493D00514A14 /* NSError+Helper.swift */,
				EA1C196E1F60618200825117 /* UIColor+Helper.swift */,
				EA1C196C1F60608C00825117 /* UIFont+Helper.swift */,
			);
			name = Helpers;
			sourceTree = "<group>";
		};
		EA369CB91F608095007492DA /* Views */ = {
			isa = PBXGroup;
			children = (
				EA1C19651F605DCC00825117 /* MainViewCell.swift */,
				EA1C19661F605DCC00825117 /* MainViewCell.xib */,
			);
			name = Views;
			sourceTree = "<group>";
		};
		EA369CBA1F61206B007492DA /* Network */ = {
			isa = PBXGroup;
			children = (
				EA6A4A2E1F5F26CA00CFC322 /* NetworkClient.swift */,
				EA3B140D1F616F1600194876 /* NetworkEntities.swift */,
			);
			name = Network;
			sourceTree = "<group>";
		};
		EA369CBB1F6120A7007492DA /* Data */ = {
			isa = PBXGroup;
			children = (
				EA3D17181F616DD1009EFEE2 /* DataManager.swift */,
				EA3B140F1F6186BA00194876 /* OrganizationModelConverter.swift */,
				EA6A4A311F5F29B600CFC322 /* Entities.swift */,
				EA369CBC1F6120BD007492DA /* Parser.swift */,
			);
			name = Data;
			sourceTree = "<group>";
		};
		EA3D17171F61699E009EFEE2 /* App */ = {
			isa = PBXGroup;
			children = (
				EA6A4A1C1F5F24A500CFC322 /* AppDelegate.swift */,
			);
			name = App;
			sourceTree = "<group>";
		};
		EA6A4A101F5F24A500CFC322 = {
			isa = PBXGroup;
			children = (
				EA6A4A1B1F5F24A500CFC322 /* SberTech_test */,
				EA6A4A1A1F5F24A500CFC322 /* Products */,
				EA1C19591F605A5300825117 /* Frameworks */,
			);
			sourceTree = "<group>";
		};
		EA6A4A1A1F5F24A500CFC322 /* Products */ = {
			isa = PBXGroup;
			children = (
				EA6A4A191F5F24A500CFC322 /* SberTech_test.app */,
			);
			name = Products;
			sourceTree = "<group>";
		};
		EA6A4A1B1F5F24A500CFC322 /* SberTech_test */ = {
			isa = PBXGroup;
			children = (
				EA3D17171F61699E009EFEE2 /* App */,
				EAEF91FF1F61E3C900F8BC9E /* Base */,
				EA369CBB1F6120A7007492DA /* Data */,
				EAEF92061F61E64100F8BC9E /* Factories */,
				EA1C19691F60602800825117 /* Helpers */,
				EA369CBA1F61206B007492DA /* Network */,
				EA6A4A301F5F26DA00CFC322 /* Resources */,
				EA1C195C1F605B0900825117 /* UI */,
			);
			path = SberTech_test;
			sourceTree = "<group>";
		};
		EA6A4A301F5F26DA00CFC322 /* Resources */ = {
			isa = PBXGroup;
			children = (
				EA6A4A281F5F24A500CFC322 /* Info.plist */,
				EA3838061F627EEC00056C2C /* App.xcassets */,
			);
			name = Resources;
			sourceTree = "<group>";
		};
		EAEF91FF1F61E3C900F8BC9E /* Base */ = {
			isa = PBXGroup;
			children = (
				EAEF92001F61E3DA00F8BC9E /* BaseViewController.swift */,
				EAEF92011F61E3DA00F8BC9E /* BaseViewModel.swift */,
				EAEF92041F61E45900F8BC9E /* ViewModel.swift */,
			);
			name = Base;
			sourceTree = "<group>";
		};
		EAEF92061F61E64100F8BC9E /* Factories */ = {
			isa = PBXGroup;
			children = (
				EAEF92071F61E65600F8BC9E /* ScreensFactory.swift */,
			);
			name = Factories;
			sourceTree = "<group>";
		};
/* End PBXGroup section */

/* Begin PBXNativeTarget section */
		EA6A4A181F5F24A500CFC322 /* SberTech_test */ = {
			isa = PBXNativeTarget;
			buildConfigurationList = EA6A4A2B1F5F24A500CFC322 /* Build configuration list for PBXNativeTarget "SberTech_test" */;
			buildPhases = (
				EA6A4A151F5F24A500CFC322 /* Sources */,
				EA6A4A161F5F24A500CFC322 /* Frameworks */,
				EA6A4A171F5F24A500CFC322 /* Resources */,
			);
			buildRules = (
			);
			dependencies = (
			);
			name = SberTech_test;
			productName = SberTech_test;
			productReference = EA6A4A191F5F24A500CFC322 /* SberTech_test.app */;
			productType = "com.apple.product-type.application";
		};
/* End PBXNativeTarget section */

/* Begin PBXProject section */
		EA6A4A111F5F24A500CFC322 /* Project object */ = {
			isa = PBXProject;
			attributes = {
				LastSwiftUpdateCheck = 0830;
				LastUpgradeCheck = 0830;
				ORGANIZATIONNAME = "Evgeniy Akhmerov";
				TargetAttributes = {
					EA6A4A181F5F24A500CFC322 = {
						CreatedOnToolsVersion = 8.3.3;
						DevelopmentTeam = UGFFRZX2C8;
						ProvisioningStyle = Automatic;
						SystemCapabilities = {
							com.apple.Maps.iOS = {
								enabled = 1;
							};
						};
					};
				};
			};
			buildConfigurationList = EA6A4A141F5F24A500CFC322 /* Build configuration list for PBXProject "SberTech_test" */;
			compatibilityVersion = "Xcode 3.2";
			developmentRegion = English;
			hasScannedForEncodings = 0;
			knownRegions = (
				en,
				Base,
			);
			mainGroup = EA6A4A101F5F24A500CFC322;
			productRefGroup = EA6A4A1A1F5F24A500CFC322 /* Products */;
			projectDirPath = "";
			projectRoot = "";
			targets = (
				EA6A4A181F5F24A500CFC322 /* SberTech_test */,
			);
		};
/* End PBXProject section */

/* Begin PBXResourcesBuildPhase section */
		EA6A4A171F5F24A500CFC322 /* Resources */ = {
			isa = PBXResourcesBuildPhase;
			buildActionMask = 2147483647;
			files = (
				EA1C195E1F605B3900825117 /* MainController.xib in Resources */,
				EA1C19681F605DCC00825117 /* MainViewCell.xib in Resources */,
				EA3838091F62800000056C2C /* Launch Screen.storyboard in Resources */,
				EA3838071F627EEC00056C2C /* App.xcassets in Resources */,
			);
			runOnlyForDeploymentPostprocessing = 0;
		};
/* End PBXResourcesBuildPhase section */

/* Begin PBXSourcesBuildPhase section */
		EA6A4A151F5F24A500CFC322 /* Sources */ = {
			isa = PBXSourcesBuildPhase;
			buildActionMask = 2147483647;
			files = (
				EAEF92081F61E65600F8BC9E /* ScreensFactory.swift in Sources */,
				EA1C19671F605DCC00825117 /* MainViewCell.swift in Sources */,
				EA3D17191F616DD1009EFEE2 /* DataManager.swift in Sources */,
				EA369CBD1F6120BD007492DA /* Parser.swift in Sources */,
				EA1C19601F605B4400825117 /* MainController.swift in Sources */,
				EA1C196D1F60608C00825117 /* UIFont+Helper.swift in Sources */,
				EAEF92031F61E3DA00F8BC9E /* BaseViewModel.swift in Sources */,
				EAEF92051F61E45900F8BC9E /* ViewModel.swift in Sources */,
				EAEF92021F61E3DA00F8BC9E /* BaseViewController.swift in Sources */,
				EA1C196F1F60618200825117 /* UIColor+Helper.swift in Sources */,
				EA3B14101F6186BA00194876 /* OrganizationModelConverter.swift in Sources */,
				EAAB9ADD1F61DEE800B40FA6 /* MainViewModel.swift in Sources */,
				EA6A4A321F5F29B600CFC322 /* Entities.swift in Sources */,
				EA3B140E1F616F1600194876 /* NetworkEntities.swift in Sources */,
				EA475F221F61493D00514A14 /* NSError+Helper.swift in Sources */,
				EA6A4A2F1F5F26CA00CFC322 /* NetworkClient.swift in Sources */,
				EA3B14121F61905A00194876 /* Bundle+Helper.swift in Sources */,
				EA6A4A1D1F5F24A500CFC322 /* AppDelegate.swift in Sources */,
			);
			runOnlyForDeploymentPostprocessing = 0;
		};
/* End PBXSourcesBuildPhase section */

/* Begin XCBuildConfiguration section */
		EA6A4A291F5F24A500CFC322 /* Debug */ = {
			isa = XCBuildConfiguration;
			buildSettings = {
				ALWAYS_SEARCH_USER_PATHS = NO;
				CLANG_ANALYZER_NONNULL = YES;
				CLANG_ANALYZER_NUMBER_OBJECT_CONVERSION = YES_AGGRESSIVE;
				CLANG_CXX_LANGUAGE_STANDARD = "gnu++0x";
				CLANG_CXX_LIBRARY = "libc++";
				CLANG_ENABLE_MODULES = YES;
				CLANG_ENABLE_OBJC_ARC = YES;
				CLANG_WARN_BOOL_CONVERSION = YES;
				CLANG_WARN_CONSTANT_CONVERSION = YES;
				CLANG_WARN_DIRECT_OBJC_ISA_USAGE = YES_ERROR;
				CLANG_WARN_DOCUMENTATION_COMMENTS = YES;
				CLANG_WARN_EMPTY_BODY = YES;
				CLANG_WARN_ENUM_CONVERSION = YES;
				CLANG_WARN_INFINITE_RECURSION = YES;
				CLANG_WARN_INT_CONVERSION = YES;
				CLANG_WARN_OBJC_ROOT_CLASS = YES_ERROR;
				CLANG_WARN_SUSPICIOUS_MOVE = YES;
				CLANG_WARN_UNREACHABLE_CODE = YES;
				CLANG_WARN__DUPLICATE_METHOD_MATCH = YES;
				"CODE_SIGN_IDENTITY[sdk=iphoneos*]" = "iPhone Developer";
				COPY_PHASE_STRIP = NO;
				DEBUG_INFORMATION_FORMAT = dwarf;
				ENABLE_STRICT_OBJC_MSGSEND = YES;
				ENABLE_TESTABILITY = YES;
				GCC_C_LANGUAGE_STANDARD = gnu99;
				GCC_DYNAMIC_NO_PIC = NO;
				GCC_NO_COMMON_BLOCKS = YES;
				GCC_OPTIMIZATION_LEVEL = 0;
				GCC_PREPROCESSOR_DEFINITIONS = (
					"DEBUG=1",
					"$(inherited)",
				);
				GCC_WARN_64_TO_32_BIT_CONVERSION = YES;
				GCC_WARN_ABOUT_RETURN_TYPE = YES_ERROR;
				GCC_WARN_UNDECLARED_SELECTOR = YES;
				GCC_WARN_UNINITIALIZED_AUTOS = YES_AGGRESSIVE;
				GCC_WARN_UNUSED_FUNCTION = YES;
				GCC_WARN_UNUSED_VARIABLE = YES;
				IPHONEOS_DEPLOYMENT_TARGET = 9.2;
				MTL_ENABLE_DEBUG_INFO = YES;
				ONLY_ACTIVE_ARCH = YES;
				SDKROOT = iphoneos;
				SWIFT_ACTIVE_COMPILATION_CONDITIONS = DEBUG;
				SWIFT_OPTIMIZATION_LEVEL = "-Onone";
				TARGETED_DEVICE_FAMILY = 2;
			};
			name = Debug;
		};
		EA6A4A2A1F5F24A500CFC322 /* Release */ = {
			isa = XCBuildConfiguration;
			buildSettings = {
				ALWAYS_SEARCH_USER_PATHS = NO;
				CLANG_ANALYZER_NONNULL = YES;
				CLANG_ANALYZER_NUMBER_OBJECT_CONVERSION = YES_AGGRESSIVE;
				CLANG_CXX_LANGUAGE_STANDARD = "gnu++0x";
				CLANG_CXX_LIBRARY = "libc++";
				CLANG_ENABLE_MODULES = YES;
				CLANG_ENABLE_OBJC_ARC = YES;
				CLANG_WARN_BOOL_CONVERSION = YES;
				CLANG_WARN_CONSTANT_CONVERSION = YES;
				CLANG_WARN_DIRECT_OBJC_ISA_USAGE = YES_ERROR;
				CLANG_WARN_DOCUMENTATION_COMMENTS = YES;
				CLANG_WARN_EMPTY_BODY = YES;
				CLANG_WARN_ENUM_CONVERSION = YES;
				CLANG_WARN_INFINITE_RECURSION = YES;
				CLANG_WARN_INT_CONVERSION = YES;
				CLANG_WARN_OBJC_ROOT_CLASS = YES_ERROR;
				CLANG_WARN_SUSPICIOUS_MOVE = YES;
				CLANG_WARN_UNREACHABLE_CODE = YES;
				CLANG_WARN__DUPLICATE_METHOD_MATCH = YES;
				"CODE_SIGN_IDENTITY[sdk=iphoneos*]" = "iPhone Developer";
				COPY_PHASE_STRIP = NO;
				DEBUG_INFORMATION_FORMAT = "dwarf-with-dsym";
				ENABLE_NS_ASSERTIONS = NO;
				ENABLE_STRICT_OBJC_MSGSEND = YES;
				GCC_C_LANGUAGE_STANDARD = gnu99;
				GCC_NO_COMMON_BLOCKS = YES;
				GCC_WARN_64_TO_32_BIT_CONVERSION = YES;
				GCC_WARN_ABOUT_RETURN_TYPE = YES_ERROR;
				GCC_WARN_UNDECLARED_SELECTOR = YES;
				GCC_WARN_UNINITIALIZED_AUTOS = YES_AGGRESSIVE;
				GCC_WARN_UNUSED_FUNCTION = YES;
				GCC_WARN_UNUSED_VARIABLE = YES;
				IPHONEOS_DEPLOYMENT_TARGET = 9.2;
				MTL_ENABLE_DEBUG_INFO = NO;
				SDKROOT = iphoneos;
				SWIFT_OPTIMIZATION_LEVEL = "-Owholemodule";
				TARGETED_DEVICE_FAMILY = 2;
				VALIDATE_PRODUCT = YES;
			};
			name = Release;
		};
		EA6A4A2C1F5F24A500CFC322 /* Debug */ = {
			isa = XCBuildConfiguration;
			buildSettings = {
				ASSETCATALOG_COMPILER_APPICON_NAME = AppIcon;
				DEVELOPMENT_TEAM = UGFFRZX2C8;
				INFOPLIST_FILE = SberTech_test/Info.plist;
				IPHONEOS_DEPLOYMENT_TARGET = 9.2;
				LD_RUNPATH_SEARCH_PATHS = "$(inherited) @executable_path/Frameworks";
				PRODUCT_BUNDLE_IDENTIFIER = "com.zhurov.SberTech-test";
				PRODUCT_NAME = "$(TARGET_NAME)";
				SWIFT_VERSION = 3.0;
			};
			name = Debug;
		};
		EA6A4A2D1F5F24A500CFC322 /* Release */ = {
			isa = XCBuildConfiguration;
			buildSettings = {
				ASSETCATALOG_COMPILER_APPICON_NAME = AppIcon;
				DEVELOPMENT_TEAM = UGFFRZX2C8;
				INFOPLIST_FILE = SberTech_test/Info.plist;
				IPHONEOS_DEPLOYMENT_TARGET = 9.2;
				LD_RUNPATH_SEARCH_PATHS = "$(inherited) @executable_path/Frameworks";
				PRODUCT_BUNDLE_IDENTIFIER = "com.zhurov.SberTech-test";
				PRODUCT_NAME = "$(TARGET_NAME)";
				SWIFT_VERSION = 3.0;
			};
			name = Release;
		};
/* End XCBuildConfiguration section */

/* Begin XCConfigurationList section */
		EA6A4A141F5F24A500CFC322 /* Build configuration list for PBXProject "SberTech_test" */ = {
			isa = XCConfigurationList;
			buildConfigurations = (
				EA6A4A291F5F24A500CFC322 /* Debug */,
				EA6A4A2A1F5F24A500CFC322 /* Release */,
			);
			defaultConfigurationIsVisible = 0;
			defaultConfigurationName = Release;
		};
		EA6A4A2B1F5F24A500CFC322 /* Build configuration list for PBXNativeTarget "SberTech_test" */ = {
			isa = XCConfigurationList;
			buildConfigurations = (
				EA6A4A2C1F5F24A500CFC322 /* Debug */,
				EA6A4A2D1F5F24A500CFC322 /* Release */,
			);
			defaultConfigurationIsVisible = 0;
			defaultConfigurationName = Release;
		};
/* End XCConfigurationList section */
	};
	rootObject = EA6A4A111F5F24A500CFC322 /* Project object */;
}
